
Microsoft Visual Studio Solution File, Format Version 12.00
# Visual Studio Version 16
VisualStudioVersion = 16.0.30523.141
MinimumVisualStudioVersion = 10.0.40219.1
Project("{FAE04EC0-301F-11D3-BF4B-00C04F79EFBC}") = "FileEncoder", "FileEncoder\FileEncoder.csproj", "{DFF39055-0625-418D-954A-CD4B0929AB02}"
EndProject
Global
	GlobalSection(SolutionConfigurationPlatforms) = preSolution
		Debug|Any CPU = Debug|Any CPU
		Release|Any CPU = Release|Any CPU
	EndGlobalSection
	GlobalSection(ProjectConfigurationPlatforms) = postSolution
		{DFF39055-0625-418D-954A-CD4B0929AB02}.Debug|Any CPU.ActiveCfg = Debug|Any CPU
		{DFF39055-0625-418D-954A-CD4B0929AB02}.Debug|Any CPU.Build.0 = Debug|Any CPU
		{DFF39055-0625-418D-954A-CD4B0929AB02}.Release|Any CPU.ActiveCfg = Release|Any CPU
		{DFF39055-0625-418D-954A-CD4B0929AB02}.Release|Any CPU.Build.0 = Release|Any CPU
	EndGlobalSection
	GlobalSection(SolutionProperties) = preSolution
		HideSolutionNode = FALSE
	EndGlobalSection
	GlobalSection(ExtensibilityGlobals) = postSolution
		SolutionGuid = {8C5D16B0-0646-492A-9C79-D0491AAFF9DD}
	EndGlobalSection
EndGlobal
